
Microsoft Visual Studio Solution File, Format Version 12.00
# Visual Studio 2013
VisualStudioVersion = 12.0.31101.0
MinimumVisualStudioVersion = 10.0.40219.1
Project("{FAE04EC0-301F-11D3-BF4B-00C04F79EFBC}") = "WebServiceDemo", "WebServiceTest\WebServiceDemo.csproj", "{D93CD0C4-F4FD-4F2B-8B46-4B70E0F13595}"
EndProject
Project("{FAE04EC0-301F-11D3-BF4B-00C04F79EFBC}") = "Debug", "Debug\Debug.csproj", "{0F7F1120-47E3-4A5A-BD2C-0367D66FC4C8}"
EndProject
Global
	GlobalSection(SolutionConfigurationPlatforms) = preSolution
		Debug|Any CPU = Debug|Any CPU
		Release|Any CPU = Release|Any CPU
	EndGlobalSection
	GlobalSection(ProjectConfigurationPlatforms) = postSolution
		{D93CD0C4-F4FD-4F2B-8B46-4B70E0F13595}.Debug|Any CPU.ActiveCfg = Debug|Any CPU
		{D93CD0C4-F4FD-4F2B-8B46-4B70E0F13595}.Debug|Any CPU.Build.0 = Debug|Any CPU
		{D93CD0C4-F4FD-4F2B-8B46-4B70E0F13595}.Release|Any CPU.ActiveCfg = Release|Any CPU
		{D93CD0C4-F4FD-4F2B-8B46-4B70E0F13595}.Release|Any CPU.Build.0 = Release|Any CPU
		{0F7F1120-47E3-4A5A-BD2C-0367D66FC4C8}.Debug|Any CPU.ActiveCfg = Debug|Any CPU
		{0F7F1120-47E3-4A5A-BD2C-0367D66FC4C8}.Debug|Any CPU.Build.0 = Debug|Any CPU
		{0F7F1120-47E3-4A5A-BD2C-0367D66FC4C8}.Release|Any CPU.ActiveCfg = Release|Any CPU
		{0F7F1120-47E3-4A5A-BD2C-0367D66FC4C8}.Release|Any CPU.Build.0 = Release|Any CPU
	EndGlobalSection
	GlobalSection(SolutionProperties) = preSolution
		HideSolutionNode = FALSE
	EndGlobalSection
EndGlobal
